
Microsoft Visual Studio Solution File, Format Version 12.00
# Visual Studio Version 17
VisualStudioVersion = 17.14.36301.6 d17.14
MinimumVisualStudioVersion = 10.0.40219.1
Project("{FAE04EC0-301F-11D3-BF4B-00C04F79EFBC}") = "Csharp", "Csharp\Csharp.csproj", "{0B97E0A4-7C4A-477B-828C-971CDAE6D911}"
EndProject
Global
	GlobalSection(SolutionConfigurationPlatforms) = preSolution
		Debug|Any CPU = Debug|Any CPU
		Release|Any CPU = Release|Any CPU
	EndGlobalSection
	GlobalSection(ProjectConfigurationPlatforms) = postSolution
		{0B97E0A4-7C4A-477B-828C-971CDAE6D911}.Debug|Any CPU.ActiveCfg = Debug|Any CPU
		{0B97E0A4-7C4A-477B-828C-971CDAE6D911}.Debug|Any CPU.Build.0 = Debug|Any CPU
		{0B97E0A4-7C4A-477B-828C-971CDAE6D911}.Release|Any CPU.ActiveCfg = Release|Any CPU
		{0B97E0A4-7C4A-477B-828C-971CDAE6D911}.Release|Any CPU.Build.0 = Release|Any CPU
	EndGlobalSection
	GlobalSection(SolutionProperties) = preSolution
		HideSolutionNode = FALSE
	EndGlobalSection
	GlobalSection(ExtensibilityGlobals) = postSolution
		SolutionGuid = {57C5F4CB-44C0-475D-9F17-9AE766952E37}
	EndGlobalSection
EndGlobal
